// !$*UTF8*$!
{
	archiveVersion = 1;
	classes = {
	};
	objectVersion = 55;
	objects = {

/* Begin PBXBuildFile section */
		4CD1903E294D606600DE4753 /* main.cpp in Sources */ = {isa = PBXBuildFile; fileRef = 4CD1903D294D606600DE4753 /* main.cpp */; };
		4CD19046294D609D00DE4753 /* CoreGraphics.framework in Frameworks */ = {isa = PBXBuildFile; fileRef = 4CD19045294D609D00DE4753 /* CoreGraphics.framework */; };
		4CD19048294D60A200DE4753 /* OpenGL.framework in Frameworks */ = {isa = PBXBuildFile; fileRef = 4CD19047294D60A200DE4753 /* OpenGL.framework */; };
		4CD1904A294D60AA00DE4753 /* CoreFoundation.framework in Frameworks */ = {isa = PBXBuildFile; fileRef = 4CD19049294D60AA00DE4753 /* CoreFoundation.framework */; };
		4CD1904C294D60AD00DE4753 /* Foundation.framework in Frameworks */ = {isa = PBXBuildFile; fileRef = 4CD1904B294D60AD00DE4753 /* Foundation.framework */; };
		4CD1904E294D60B100DE4753 /* IOKit.framework in Frameworks */ = {isa = PBXBuildFile; fileRef = 4CD1904D294D60B100DE4753 /* IOKit.framework */; };
		4CD19050294D60B400DE4753 /* AppKit.framework in Frameworks */ = {isa = PBXBuildFile; fileRef = 4CD1904F294D60B400DE4753 /* AppKit.framework */; };
		4CD19052294D60CC00DE4753 /* libglfw.3.3.dylib in Frameworks */ = {isa = PBXBuildFile; fileRef = 4CD19051294D60CC00DE4753 /* libglfw.3.3.dylib */; };
		4CD19054294D612E00DE4753 /* Window.cpp in Sources */ = {isa = PBXBuildFile; fileRef = 4CD19053294D612E00DE4753 /* Window.cpp */; };
		4CD1905D294D645600DE4753 /* Shader.cpp in Sources */ = {isa = PBXBuildFile; fileRef = 4CD19056294D645600DE4753 /* Shader.cpp */; };
		4CD19060294D6CB500DE4753 /* Vertex.cpp in Sources */ = {isa = PBXBuildFile; fileRef = 4CD1905F294D6CB500DE4753 /* Vertex.cpp */; };
		4CF98EE3294D820D007358FF /* GL_Loader.cpp in Sources */ = {isa = PBXBuildFile; fileRef = 4CF98EE2294D820D007358FF /* GL_Loader.cpp */; };
		4CF98EEE294D91A6007358FF /* GL_Draw.cpp in Sources */ = {isa = PBXBuildFile; fileRef = 4CF98EED294D91A6007358FF /* GL_Draw.cpp */; };
/* End PBXBuildFile section */

/* Begin PBXCopyFilesBuildPhase section */
		4CD19038294D606600DE4753 /* CopyFiles */ = {
			isa = PBXCopyFilesBuildPhase;
			buildActionMask = 2147483647;
			dstPath = /usr/share/man/man1/;
			dstSubfolderSpec = 0;
			files = (
			);
			runOnlyForDeploymentPostprocessing = 1;
		};
/* End PBXCopyFilesBuildPhase section */

/* Begin PBXFileReference section */
		4CD1903A294D606600DE4753 /* opengl-tools */ = {isa = PBXFileReference; explicitFileType = "compiled.mach-o.executable"; includeInIndex = 0; path = "opengl-tools"; sourceTree = BUILT_PRODUCTS_DIR; };
		4CD1903D294D606600DE4753 /* main.cpp */ = {isa = PBXFileReference; lastKnownFileType = sourcecode.cpp.cpp; path = main.cpp; sourceTree = "<group>"; usesTabs = 0; };
		4CD19045294D609D00DE4753 /* CoreGraphics.framework */ = {isa = PBXFileReference; lastKnownFileType = wrapper.framework; name = CoreGraphics.framework; path = System/Library/Frameworks/CoreGraphics.framework; sourceTree = SDKROOT; };
		4CD19047294D60A200DE4753 /* OpenGL.framework */ = {isa = PBXFileReference; lastKnownFileType = wrapper.framework; name = OpenGL.framework; path = System/Library/Frameworks/OpenGL.framework; sourceTree = SDKROOT; };
		4CD19049294D60AA00DE4753 /* CoreFoundation.framework */ = {isa = PBXFileReference; lastKnownFileType = wrapper.framework; name = CoreFoundation.framework; path = System/Library/Frameworks/CoreFoundation.framework; sourceTree = SDKROOT; };
		4CD1904B294D60AD00DE4753 /* Foundation.framework */ = {isa = PBXFileReference; lastKnownFileType = wrapper.framework; name = Foundation.framework; path = System/Library/Frameworks/Foundation.framework; sourceTree = SDKROOT; };
		4CD1904D294D60B100DE4753 /* IOKit.framework */ = {isa = PBXFileReference; lastKnownFileType = wrapper.framework; name = IOKit.framework; path = System/Library/Frameworks/IOKit.framework; sourceTree = SDKROOT; };
		4CD1904F294D60B400DE4753 /* AppKit.framework */ = {isa = PBXFileReference; lastKnownFileType = wrapper.framework; name = AppKit.framework; path = System/Library/Frameworks/AppKit.framework; sourceTree = SDKROOT; };
		4CD19051294D60CC00DE4753 /* libglfw.3.3.dylib */ = {isa = PBXFileReference; lastKnownFileType = "compiled.mach-o.dylib"; name = libglfw.3.3.dylib; path = ../../../../opt/homebrew/Cellar/glfw/3.3.7/lib/libglfw.3.3.dylib; sourceTree = "<group>"; };
		4CD19053294D612E00DE4753 /* Window.cpp */ = {isa = PBXFileReference; lastKnownFileType = sourcecode.cpp.cpp; path = Window.cpp; sourceTree = "<group>"; };
		4CD19055294D613C00DE4753 /* Window.h */ = {isa = PBXFileReference; lastKnownFileType = sourcecode.c.h; path = Window.h; sourceTree = "<group>"; };
		4CD19056294D645600DE4753 /* Shader.cpp */ = {isa = PBXFileReference; fileEncoding = 4; lastKnownFileType = sourcecode.cpp.cpp; path = Shader.cpp; sourceTree = "<group>"; };
		4CD19057294D645600DE4753 /* Shader.h */ = {isa = PBXFileReference; fileEncoding = 4; lastKnownFileType = sourcecode.c.h; path = Shader.h; sourceTree = "<group>"; };
		4CD19059294D645600DE4753 /* vert shader.glsl */ = {isa = PBXFileReference; fileEncoding = 4; lastKnownFileType = text; path = "vert shader.glsl"; sourceTree = "<group>"; };
		4CD1905A294D645600DE4753 /* frag shader.glsl */ = {isa = PBXFileReference; fileEncoding = 4; lastKnownFileType = text; path = "frag shader.glsl"; sourceTree = "<group>"; };
		4CD1905B294D645600DE4753 /* frag shader UI.glsl */ = {isa = PBXFileReference; fileEncoding = 4; lastKnownFileType = text; path = "frag shader UI.glsl"; sourceTree = "<group>"; };
		4CD1905C294D645600DE4753 /* vert shader UI.glsl */ = {isa = PBXFileReference; fileEncoding = 4; lastKnownFileType = text; path = "vert shader UI.glsl"; sourceTree = "<group>"; };
		4CD1905F294D6CB500DE4753 /* Vertex.cpp */ = {isa = PBXFileReference; lastKnownFileType = sourcecode.cpp.cpp; path = Vertex.cpp; sourceTree = "<group>"; };
		4CD19061294D6CBE00DE4753 /* Vertex.h */ = {isa = PBXFileReference; lastKnownFileType = sourcecode.c.h; path = Vertex.h; sourceTree = "<group>"; };
		4CF98EE1294D820D007358FF /* GL_Loader.h */ = {isa = PBXFileReference; lastKnownFileType = sourcecode.c.h; path = GL_Loader.h; sourceTree = "<group>"; };
		4CF98EE2294D820D007358FF /* GL_Loader.cpp */ = {isa = PBXFileReference; lastKnownFileType = sourcecode.cpp.cpp; path = GL_Loader.cpp; sourceTree = "<group>"; };
		4CF98EE7294D8305007358FF /* stb_image.h */ = {isa = PBXFileReference; fileEncoding = 4; lastKnownFileType = sourcecode.c.h; path = stb_image.h; sourceTree = "<group>"; };
		4CF98EE8294D8305007358FF /* LICENSE.txt */ = {isa = PBXFileReference; fileEncoding = 4; lastKnownFileType = text; path = LICENSE.txt; sourceTree = "<group>"; };
		4CF98EEB294D8F2D007358FF /* Meshes.h */ = {isa = PBXFileReference; lastKnownFileType = sourcecode.c.h; path = Meshes.h; sourceTree = "<group>"; };
		4CF98EEC294D91A6007358FF /* GL_Draw.h */ = {isa = PBXFileReference; lastKnownFileType = sourcecode.c.h; path = GL_Draw.h; sourceTree = "<group>"; };
		4CF98EED294D91A6007358FF /* GL_Draw.cpp */ = {isa = PBXFileReference; lastKnownFileType = sourcecode.cpp.cpp; path = GL_Draw.cpp; sourceTree = "<group>"; };
/* End PBXFileReference section */

/* Begin PBXFrameworksBuildPhase section */
		4CD19037294D606600DE4753 /* Frameworks */ = {
			isa = PBXFrameworksBuildPhase;
			buildActionMask = 2147483647;
			files = (
				4CD19052294D60CC00DE4753 /* libglfw.3.3.dylib in Frameworks */,
				4CD19050294D60B400DE4753 /* AppKit.framework in Frameworks */,
				4CD1904E294D60B100DE4753 /* IOKit.framework in Frameworks */,
				4CD1904C294D60AD00DE4753 /* Foundation.framework in Frameworks */,
				4CD1904A294D60AA00DE4753 /* CoreFoundation.framework in Frameworks */,
				4CD19048294D60A200DE4753 /* OpenGL.framework in Frameworks */,
				4CD19046294D609D00DE4753 /* CoreGraphics.framework in Frameworks */,
			);
			runOnlyForDeploymentPostprocessing = 0;
		};
/* End PBXFrameworksBuildPhase section */

/* Begin PBXGroup section */
		4CD19031294D606600DE4753 = {
			isa = PBXGroup;
			children = (
				4CD1903C294D606600DE4753 /* opengl-tools */,
				4CD1903B294D606600DE4753 /* Products */,
				4CD19044294D609D00DE4753 /* Frameworks */,
			);
			sourceTree = "<group>";
		};
		4CD1903B294D606600DE4753 /* Products */ = {
			isa = PBXGroup;
			children = (
				4CD1903A294D606600DE4753 /* opengl-tools */,
			);
			name = Products;
			sourceTree = "<group>";
		};
		4CD1903C294D606600DE4753 /* opengl-tools */ = {
			isa = PBXGroup;
			children = (
				4CF98EE9294D84AE007358FF /* assets */,
				4CF98EE4294D82D4007358FF /* lib */,
				4CD1905E294D6C6D00DE4753 /* Render */,
				4CD19056294D645600DE4753 /* Shader.cpp */,
				4CD19057294D645600DE4753 /* Shader.h */,
				4CD19058294D645600DE4753 /* Shaders */,
				4CD1903D294D606600DE4753 /* main.cpp */,
				4CD19053294D612E00DE4753 /* Window.cpp */,
				4CD19055294D613C00DE4753 /* Window.h */,
			);
			path = "opengl-tools";
			sourceTree = "<group>";
		};
		4CD19044294D609D00DE4753 /* Frameworks */ = {
			isa = PBXGroup;
			children = (
				4CD19051294D60CC00DE4753 /* libglfw.3.3.dylib */,
				4CD1904F294D60B400DE4753 /* AppKit.framework */,
				4CD1904D294D60B100DE4753 /* IOKit.framework */,
				4CD1904B294D60AD00DE4753 /* Foundation.framework */,
				4CD19049294D60AA00DE4753 /* CoreFoundation.framework */,
				4CD19047294D60A200DE4753 /* OpenGL.framework */,
				4CD19045294D609D00DE4753 /* CoreGraphics.framework */,
			);
			name = Frameworks;
			sourceTree = "<group>";
		};
		4CD19058294D645600DE4753 /* Shaders */ = {
			isa = PBXGroup;
			children = (
				4CD19059294D645600DE4753 /* vert shader.glsl */,
				4CD1905A294D645600DE4753 /* frag shader.glsl */,
				4CD1905B294D645600DE4753 /* frag shader UI.glsl */,
				4CD1905C294D645600DE4753 /* vert shader UI.glsl */,
			);
			path = Shaders;
			sourceTree = "<group>";
		};
		4CD1905E294D6C6D00DE4753 /* Render */ = {
			isa = PBXGroup;
			children = (
				4CD1905F294D6CB500DE4753 /* Vertex.cpp */,
				4CD19061294D6CBE00DE4753 /* Vertex.h */,
				4CF98EE1294D820D007358FF /* GL_Loader.h */,
				4CF98EE2294D820D007358FF /* GL_Loader.cpp */,
				4CF98EEB294D8F2D007358FF /* Meshes.h */,
				4CF98EEC294D91A6007358FF /* GL_Draw.h */,
				4CF98EED294D91A6007358FF /* GL_Draw.cpp */,
			);
			path = Render;
			sourceTree = "<group>";
		};
		4CF98EE4294D82D4007358FF /* lib */ = {
			isa = PBXGroup;
			children = (
				4CF98EE5294D8305007358FF /* stb */,
			);
			path = lib;
			sourceTree = "<group>";
		};
		4CF98EE5294D8305007358FF /* stb */ = {
			isa = PBXGroup;
			children = (
				4CF98EE6294D8305007358FF /* include */,
				4CF98EE8294D8305007358FF /* LICENSE.txt */,
			);
			path = stb;
			sourceTree = "<group>";
		};
		4CF98EE6294D8305007358FF /* include */ = {
			isa = PBXGroup;
			children = (
				4CF98EE7294D8305007358FF /* stb_image.h */,
			);
			path = include;
			sourceTree = "<group>";
		};
		4CF98EE9294D84AE007358FF /* assets */ = {
			isa = PBXGroup;
			children = (
			);
			path = assets;
			sourceTree = "<group>";
		};
/* End PBXGroup section */

/* Begin PBXNativeTarget section */
		4CD19039294D606600DE4753 /* opengl-tools */ = {
			isa = PBXNativeTarget;
			buildConfigurationList = 4CD19041294D606600DE4753 /* Build configuration list for PBXNativeTarget "opengl-tools" */;
			buildPhases = (
				4CD19036294D606600DE4753 /* Sources */,
				4CD19037294D606600DE4753 /* Frameworks */,
				4CD19038294D606600DE4753 /* CopyFiles */,
			);
			buildRules = (
			);
			dependencies = (
			);
			name = "opengl-tools";
			productName = "opengl-tools";
			productReference = 4CD1903A294D606600DE4753 /* opengl-tools */;
			productType = "com.apple.product-type.tool";
		};
/* End PBXNativeTarget section */

/* Begin PBXProject section */
		4CD19032294D606600DE4753 /* Project object */ = {
			isa = PBXProject;
			attributes = {
				BuildIndependentTargetsInParallel = 1;
				LastUpgradeCheck = 1340;
				TargetAttributes = {
					4CD19039294D606600DE4753 = {
						CreatedOnToolsVersion = 13.4;
					};
				};
			};
			buildConfigurationList = 4CD19035294D606600DE4753 /* Build configuration list for PBXProject "opengl-tools" */;
			compatibilityVersion = "Xcode 13.0";
			developmentRegion = en;
			hasScannedForEncodings = 0;
			knownRegions = (
				en,
				Base,
			);
			mainGroup = 4CD19031294D606600DE4753;
			productRefGroup = 4CD1903B294D606600DE4753 /* Products */;
			projectDirPath = "";
			projectRoot = "";
			targets = (
				4CD19039294D606600DE4753 /* opengl-tools */,
			);
		};
/* End PBXProject section */

/* Begin PBXSourcesBuildPhase section */
		4CD19036294D606600DE4753 /* Sources */ = {
			isa = PBXSourcesBuildPhase;
			buildActionMask = 2147483647;
			files = (
				4CF98EEE294D91A6007358FF /* GL_Draw.cpp in Sources */,
				4CD1903E294D606600DE4753 /* main.cpp in Sources */,
				4CD19060294D6CB500DE4753 /* Vertex.cpp in Sources */,
				4CD1905D294D645600DE4753 /* Shader.cpp in Sources */,
				4CF98EE3294D820D007358FF /* GL_Loader.cpp in Sources */,
				4CD19054294D612E00DE4753 /* Window.cpp in Sources */,
			);
			runOnlyForDeploymentPostprocessing = 0;
		};
/* End PBXSourcesBuildPhase section */

/* Begin XCBuildConfiguration section */
		4CD1903F294D606600DE4753 /* Debug */ = {
			isa = XCBuildConfiguration;
			buildSettings = {
				ALWAYS_SEARCH_USER_PATHS = NO;
				CLANG_ANALYZER_NONNULL = YES;
				CLANG_ANALYZER_NUMBER_OBJECT_CONVERSION = YES_AGGRESSIVE;
				CLANG_CXX_LANGUAGE_STANDARD = "gnu++17";
				CLANG_ENABLE_MODULES = YES;
				CLANG_ENABLE_OBJC_ARC = YES;
				CLANG_ENABLE_OBJC_WEAK = YES;
				CLANG_WARN_BLOCK_CAPTURE_AUTORELEASING = YES;
				CLANG_WARN_BOOL_CONVERSION = YES;
				CLANG_WARN_COMMA = YES;
				CLANG_WARN_CONSTANT_CONVERSION = YES;
				CLANG_WARN_DEPRECATED_OBJC_IMPLEMENTATIONS = YES;
				CLANG_WARN_DIRECT_OBJC_ISA_USAGE = YES_ERROR;
				CLANG_WARN_DOCUMENTATION_COMMENTS = YES;
				CLANG_WARN_EMPTY_BODY = YES;
				CLANG_WARN_ENUM_CONVERSION = YES;
				CLANG_WARN_INFINITE_RECURSION = YES;
				CLANG_WARN_INT_CONVERSION = YES;
				CLANG_WARN_NON_LITERAL_NULL_CONVERSION = YES;
				CLANG_WARN_OBJC_IMPLICIT_RETAIN_SELF = YES;
				CLANG_WARN_OBJC_LITERAL_CONVERSION = YES;
				CLANG_WARN_OBJC_ROOT_CLASS = YES_ERROR;
				CLANG_WARN_QUOTED_INCLUDE_IN_FRAMEWORK_HEADER = YES;
				CLANG_WARN_RANGE_LOOP_ANALYSIS = YES;
				CLANG_WARN_STRICT_PROTOTYPES = YES;
				CLANG_WARN_SUSPICIOUS_MOVE = YES;
				CLANG_WARN_UNGUARDED_AVAILABILITY = YES_AGGRESSIVE;
				CLANG_WARN_UNREACHABLE_CODE = YES;
				CLANG_WARN__DUPLICATE_METHOD_MATCH = YES;
				COPY_PHASE_STRIP = NO;
				DEBUG_INFORMATION_FORMAT = dwarf;
				ENABLE_STRICT_OBJC_MSGSEND = YES;
				ENABLE_TESTABILITY = YES;
				GCC_C_LANGUAGE_STANDARD = gnu11;
				GCC_DYNAMIC_NO_PIC = NO;
				GCC_NO_COMMON_BLOCKS = YES;
				GCC_OPTIMIZATION_LEVEL = 0;
				GCC_PREPROCESSOR_DEFINITIONS = (
					"DEBUG=1",
					"$(inherited)",
				);
				GCC_WARN_64_TO_32_BIT_CONVERSION = YES;
				GCC_WARN_ABOUT_RETURN_TYPE = YES_ERROR;
				GCC_WARN_UNDECLARED_SELECTOR = YES;
				GCC_WARN_UNINITIALIZED_AUTOS = YES_AGGRESSIVE;
				GCC_WARN_UNUSED_FUNCTION = YES;
				GCC_WARN_UNUSED_VARIABLE = YES;
				MACOSX_DEPLOYMENT_TARGET = 12.2;
				MTL_ENABLE_DEBUG_INFO = INCLUDE_SOURCE;
				MTL_FAST_MATH = YES;
				ONLY_ACTIVE_ARCH = YES;
				SDKROOT = macosx;
			};
			name = Debug;
		};
		4CD19040294D606600DE4753 /* Release */ = {
			isa = XCBuildConfiguration;
			buildSettings = {
				ALWAYS_SEARCH_USER_PATHS = NO;
				CLANG_ANALYZER_NONNULL = YES;
				CLANG_ANALYZER_NUMBER_OBJECT_CONVERSION = YES_AGGRESSIVE;
				CLANG_CXX_LANGUAGE_STANDARD = "gnu++17";
				CLANG_ENABLE_MODULES = YES;
				CLANG_ENABLE_OBJC_ARC = YES;
				CLANG_ENABLE_OBJC_WEAK = YES;
				CLANG_WARN_BLOCK_CAPTURE_AUTORELEASING = YES;
				CLANG_WARN_BOOL_CONVERSION = YES;
				CLANG_WARN_COMMA = YES;
				CLANG_WARN_CONSTANT_CONVERSION = YES;
				CLANG_WARN_DEPRECATED_OBJC_IMPLEMENTATIONS = YES;
				CLANG_WARN_DIRECT_OBJC_ISA_USAGE = YES_ERROR;
				CLANG_WARN_DOCUMENTATION_COMMENTS = YES;
				CLANG_WARN_EMPTY_BODY = YES;
				CLANG_WARN_ENUM_CONVERSION = YES;
				CLANG_WARN_INFINITE_RECURSION = YES;
				CLANG_WARN_INT_CONVERSION = YES;
				CLANG_WARN_NON_LITERAL_NULL_CONVERSION = YES;
				CLANG_WARN_OBJC_IMPLICIT_RETAIN_SELF = YES;
				CLANG_WARN_OBJC_LITERAL_CONVERSION = YES;
				CLANG_WARN_OBJC_ROOT_CLASS = YES_ERROR;
				CLANG_WARN_QUOTED_INCLUDE_IN_FRAMEWORK_HEADER = YES;
				CLANG_WARN_RANGE_LOOP_ANALYSIS = YES;
				CLANG_WARN_STRICT_PROTOTYPES = YES;
				CLANG_WARN_SUSPICIOUS_MOVE = YES;
				CLANG_WARN_UNGUARDED_AVAILABILITY = YES_AGGRESSIVE;
				CLANG_WARN_UNREACHABLE_CODE = YES;
				CLANG_WARN__DUPLICATE_METHOD_MATCH = YES;
				COPY_PHASE_STRIP = NO;
				DEBUG_INFORMATION_FORMAT = "dwarf-with-dsym";
				ENABLE_NS_ASSERTIONS = NO;
				ENABLE_STRICT_OBJC_MSGSEND = YES;
				GCC_C_LANGUAGE_STANDARD = gnu11;
				GCC_NO_COMMON_BLOCKS = YES;
				GCC_WARN_64_TO_32_BIT_CONVERSION = YES;
				GCC_WARN_ABOUT_RETURN_TYPE = YES_ERROR;
				GCC_WARN_UNDECLARED_SELECTOR = YES;
				GCC_WARN_UNINITIALIZED_AUTOS = YES_AGGRESSIVE;
				GCC_WARN_UNUSED_FUNCTION = YES;
				GCC_WARN_UNUSED_VARIABLE = YES;
				MACOSX_DEPLOYMENT_TARGET = 12.2;
				MTL_ENABLE_DEBUG_INFO = NO;
				MTL_FAST_MATH = YES;
				SDKROOT = macosx;
			};
			name = Release;
		};
		4CD19042294D606600DE4753 /* Debug */ = {
			isa = XCBuildConfiguration;
			buildSettings = {
				CLANG_WARN_DOCUMENTATION_COMMENTS = NO;
				CODE_SIGN_STYLE = Automatic;
				HEADER_SEARCH_PATHS = (
					/usr/local/include,
					usr/local/Cellar/glfw/../include,
					opt/homebrew/Cellar/glfw/../include,
					/opt/homebrew/Cellar/glfw/3.3.7/include,
					/opt/homebrew/Cellar/glm/0.9.9.8/include,
					/opt/homebrew/Cellar/glew/2.2.0_1/include,
					/opt/homebrew/Cellar/glad/include,
				);
				LIBRARY_SEARCH_PATHS = (
					/usr/local/lib,
					/opt/homebrew/Cellar/glfw/3.3.7/lib,
					/opt/homebrew/Cellar/glm/0.9.9.8/lib,
					/opt/homebrew/Cellar/glew/2.2.0_1/lib,
				);
				PRODUCT_NAME = "$(TARGET_NAME)";
				VALIDATE_WORKSPACE_SKIPPED_SDK_FRAMEWORKS = OpenGL;
			};
			name = Debug;
		};
		4CD19043294D606600DE4753 /* Release */ = {
			isa = XCBuildConfiguration;
			buildSettings = {
				CLANG_WARN_DOCUMENTATION_COMMENTS = NO;
				CODE_SIGN_STYLE = Automatic;
				HEADER_SEARCH_PATHS = (
					/usr/local/include,
					usr/local/Cellar/glfw/../include,
					opt/homebrew/Cellar/glfw/../include,
					/opt/homebrew/Cellar/glfw/3.3.7/include,
					/opt/homebrew/Cellar/glm/0.9.9.8/include,
					/opt/homebrew/Cellar/glew/2.2.0_1/include,
					/opt/homebrew/Cellar/glad/include,
				);
				LIBRARY_SEARCH_PATHS = (
					/usr/local/lib,
					/opt/homebrew/Cellar/glfw/3.3.7/lib,
					/opt/homebrew/Cellar/glm/0.9.9.8/lib,
					/opt/homebrew/Cellar/glew/2.2.0_1/lib,
				);
				PRODUCT_NAME = "$(TARGET_NAME)";
				VALIDATE_WORKSPACE_SKIPPED_SDK_FRAMEWORKS = OpenGL;
			};
			name = Release;
		};
/* End XCBuildConfiguration section */

/* Begin XCConfigurationList section */
		4CD19035294D606600DE4753 /* Build configuration list for PBXProject "opengl-tools" */ = {
			isa = XCConfigurationList;
			buildConfigurations = (
				4CD1903F294D606600DE4753 /* Debug */,
				4CD19040294D606600DE4753 /* Release */,
			);
			defaultConfigurationIsVisible = 0;
			defaultConfigurationName = Release;
		};
		4CD19041294D606600DE4753 /* Build configuration list for PBXNativeTarget "opengl-tools" */ = {
			isa = XCConfigurationList;
			buildConfigurations = (
				4CD19042294D606600DE4753 /* Debug */,
				4CD19043294D606600DE4753 /* Release */,
			);
			defaultConfigurationIsVisible = 0;
			defaultConfigurationName = Release;
		};
/* End XCConfigurationList section */
	};
	rootObject = 4CD19032294D606600DE4753 /* Project object */;
}
